
Microsoft Visual Studio Solution File, Format Version 12.00
# Visual Studio Version 16
VisualStudioVersion = 16.0.30320.27
MinimumVisualStudioVersion = 10.0.40219.1
Project("{FAE04EC0-301F-11D3-BF4B-00C04F79EFBC}") = "HostedEmails", "HostedEmails\HostedEmails.csproj", "{B72DCE92-F4A8-44ED-A438-333B022C3DC5}"
EndProject
Global
	GlobalSection(SolutionConfigurationPlatforms) = preSolution
		Debug|Any CPU = Debug|Any CPU
		Release|Any CPU = Release|Any CPU
	EndGlobalSection
	GlobalSection(ProjectConfigurationPlatforms) = postSolution
		{B72DCE92-F4A8-44ED-A438-333B022C3DC5}.Debug|Any CPU.ActiveCfg = Debug|Any CPU
		{B72DCE92-F4A8-44ED-A438-333B022C3DC5}.Debug|Any CPU.Build.0 = Debug|Any CPU
		{B72DCE92-F4A8-44ED-A438-333B022C3DC5}.Release|Any CPU.ActiveCfg = Release|Any CPU
		{B72DCE92-F4A8-44ED-A438-333B022C3DC5}.Release|Any CPU.Build.0 = Release|Any CPU
	EndGlobalSection
	GlobalSection(SolutionProperties) = preSolution
		HideSolutionNode = FALSE
	EndGlobalSection
	GlobalSection(ExtensibilityGlobals) = postSolution
		SolutionGuid = {DB916445-C5B3-4628-86EF-AC30EC5D5C10}
	EndGlobalSection
EndGlobal
